{
  "version": "2",
  "remote": {
    "https://deno.land/std@0.167.0/fmt/colors.ts": "03ad95e543d2808bc43c17a3dd29d25b43d0f16287fe562a0be89bf632454a12",
    "https://deno.land/std@0.167.0/testing/_diff.ts": "a23e7fc2b4d8daa3e158fa06856bedf5334ce2a2831e8bf9e509717f455adb2c",
    "https://deno.land/std@0.167.0/testing/_format.ts": "cd11136e1797791045e639e9f0f4640d5b4166148796cad37e6ef75f7d7f3832",
    "https://deno.land/std@0.167.0/testing/asserts.ts": "51353e79437361d4b02d8e32f3fc83b22231bc8f8d4c841d86fd32b0b0afe940",
    "https://deno.land/std@0.170.0/collections/_comparators.ts": "b9edf2170aaccbe11407d37e8948b6867cf68fbe5225f4cd4cdb02f174227157",
    "https://deno.land/std@0.170.0/collections/_utils.ts": "fd759867be7a0047a1fa89ec89f7b58ebe3f2f7f089a8f4e416eb30c5d764868",
    "https://deno.land/std@0.170.0/collections/aggregate_groups.ts": "92b4ad8dc04352611a22f084a8524263c0780e99e6e70d7cfeae9ceb2bdd2d0f",
    "https://deno.land/std@0.170.0/collections/associate_by.ts": "e538468ae27599f0b95fdf165b29544e06149ecef80960299159292b705b2f76",
    "https://deno.land/std@0.170.0/collections/associate_with.ts": "d7fd0e0c45159260ea5d112452df0db845e84eedd9c50c3174816b57d37b720f",
    "https://deno.land/std@0.170.0/collections/binary_heap.ts": "55064ac881a862e6752b4492ed6c4f367012ca9a1bbee2f984a33985d541f7e3",
    "https://deno.land/std@0.170.0/collections/chunk.ts": "10a147f3252406a011e0fa96a81a2e7e72cc79f9d15301e6de32424863a15f64",
    "https://deno.land/std@0.170.0/collections/deep_merge.ts": "0303cca7697646c5464ecb3337d494602056babae4f09baf6619f1043ba7eb6d",
    "https://deno.land/std@0.170.0/collections/distinct.ts": "278a5b36d7cbb2f8a25e09039064ac7894656e03d25860c58ac1735353fc2898",
    "https://deno.land/std@0.170.0/collections/distinct_by.ts": "f99630e78c6c700aab7052076b88e84822be942d6336fc2877cf023d5eadf682",
    "https://deno.land/std@0.170.0/collections/drop_last_while.ts": "018afcc09ea480f0005add8b4d8594e107e1a726c11b2e6222b73cd095babbe5",
    "https://deno.land/std@0.170.0/collections/drop_while.ts": "e4cde7c7cf212814902343bd2ca57127b40c78c886aee86a58e8100cef8815d3",
    "https://deno.land/std@0.170.0/collections/filter_entries.ts": "9ff986d92e2a9d20b0c42f15e3648e2517d6773ff779996ec7ede14d938d7064",
    "https://deno.land/std@0.170.0/collections/filter_keys.ts": "5ce4a88df855e87cf3567b6c5806aab741c60181d486bc77fe4096b6e1f46f5a",
    "https://deno.land/std@0.170.0/collections/filter_values.ts": "3f19ad44dce3a5e2430c47759d0068d6cef44a186a554da1c28ef27448bf7dfc",
    "https://deno.land/std@0.170.0/collections/find_single.ts": "275cfc6f0239cc3705144337dc6bf6e6ab48a523f42d703b0a199e5232105dc5",
    "https://deno.land/std@0.170.0/collections/first_not_nullish_of.ts": "137d496ee2cfad556b62ba163f3a9f32d6ecc1ca7474555b07a353954413cd1a",
    "https://deno.land/std@0.170.0/collections/group_by.ts": "ce8057c75d640491c0c81e0a6ce5524a8c0af00977a445ca5dbde24e4371d109",
    "https://deno.land/std@0.170.0/collections/includes_value.ts": "42cc3645495e485e05b54a80e707228bd24847bc88ccdb0753b86ea25c072791",
    "https://deno.land/std@0.170.0/collections/intersect.ts": "ef17759a1db7dad6935426b238c78aa3b522e53f84f843f8054399d20733ae7e",
    "https://deno.land/std@0.170.0/collections/join_to_string.ts": "919433d6252427a9acb3ead645140d55bd56f7cea89a29a2f13c3828ed8c950a",
    "https://deno.land/std@0.170.0/collections/map_entries.ts": "77b7facc93b731e84f288227a775a29ab590427940c406491a59c7b62d5b3cc5",
    "https://deno.land/std@0.170.0/collections/map_keys.ts": "ca2ee056e6ec1312472a6449a0b365cdc69a4fba8eaee9414c5917fa44fc9cb3",
    "https://deno.land/std@0.170.0/collections/map_not_nullish.ts": "077a690fc3bee88a118832adf2a9fe759f8694ae87a1df0277dd30a39e98831e",
    "https://deno.land/std@0.170.0/collections/map_values.ts": "726a3c2a27683f6870470105ceb9f626815a9e0e0071a01935e7799e7a51f207",
    "https://deno.land/std@0.170.0/collections/max_by.ts": "98ed05433de240065d8acd1e6f80b6613ddf3b7bc92f10f59bc3f2ead838d3e6",
    "https://deno.land/std@0.170.0/collections/max_of.ts": "40d580a04974df227367c8b6034d72df3bf7d6d662afe71436eb3b4dde458f7d",
    "https://deno.land/std@0.170.0/collections/max_with.ts": "005478b56f4dd1e98dea4465753ed48857c6b71ec6f5939adc020333e4c6f89a",
    "https://deno.land/std@0.170.0/collections/min_by.ts": "a9b89aba7a078ebdd0d7a3a96a565917c6dc0c0c38f19aea6c2dee0c18d64b20",
    "https://deno.land/std@0.170.0/collections/min_of.ts": "39f3978c6e9a9f2a1344bfd7f90b715759df3071cbe93b228db7e2e167d955a8",
    "https://deno.land/std@0.170.0/collections/min_with.ts": "4bbd64b66373ac12e0514fbcb97b0144446bc3cdd45601c42be4313f1cc4199a",
    "https://deno.land/std@0.170.0/collections/mod.ts": "805bf616faa2c31940014165d71d788191a65c5a68f83393120b626510690b19",
    "https://deno.land/std@0.170.0/collections/partition.ts": "cdc73a59c68845af2278e84183ecaefba102421733a1f5e97d1c59835aae1777",
    "https://deno.land/std@0.170.0/collections/permutations.ts": "27fbba4a1e657f0f2df15494be0696420da59ed23f77bd1f744401acc077e6f5",
    "https://deno.land/std@0.170.0/collections/reduce_groups.ts": "f247c5dbea432c3b327a984e310d0a03868b81aa94810d8af65bba6d59bf0771",
    "https://deno.land/std@0.170.0/collections/running_reduce.ts": "da21d22944d5c6d6438f8edec75a5f88a14d28791694e8bb374680c8749987d3",
    "https://deno.land/std@0.170.0/collections/sample.ts": "d2ef344f162a3a0e2edf57643ed7269183b1975b3411ae1c52c06630ba985b7c",
    "https://deno.land/std@0.170.0/collections/sliding_windows.ts": "18d7b4e20324fcb22eedd6012ba75d7f98bbb9b35bbf460b5fd9bbb7d7c4c205",
    "https://deno.land/std@0.170.0/collections/sort_by.ts": "2eab1521846dcbf2cc2560813d56324fced6b77435b3915ec7992584fb3df7e1",
    "https://deno.land/std@0.170.0/collections/sum_of.ts": "35ddeb3217a2d544910b55d31a05d902191957c4a01c50d8e6ea225dfe4b3c8f",
    "https://deno.land/std@0.170.0/collections/take_last_while.ts": "5b2c110c4d88e04f9387ff19bf32d4054624815072fe1df5fe44111491fb5c2d",
    "https://deno.land/std@0.170.0/collections/take_while.ts": "19b39113c8e321e6ed596c91daf24344e79e1add09c62f2325004529fe12c2ef",
    "https://deno.land/std@0.170.0/collections/union.ts": "d338c852b2da4baaca6bba94975153ce79fc79548e772f5cc1a0eb008e6ea8f5",
    "https://deno.land/std@0.170.0/collections/unzip.ts": "60c524486eec8683f61cb9720af3fe7992a85df6dfe03802c12d6de39ff0298f",
    "https://deno.land/std@0.170.0/collections/without_all.ts": "d0adc99202b5b23d38fc7733410f84ae0b1af5fbf2ca2ce7cf184ffe36b599be",
    "https://deno.land/std@0.170.0/collections/zip.ts": "ca08ecb94327d481e985261a75321ac14a174d78ce5a2ce6349b146c237a2ffa"
  }
}
